
Microsoft Visual Studio Solution File, Format Version 12.00
# Visual Studio Version 17
VisualStudioVersion = 17.14.36908.2 d17.14
MinimumVisualStudioVersion = 10.0.40219.1
Project("{FAE04EC0-301F-11D3-BF4B-00C04F79EFBC}") = "AashanaFashion", "AashanaFashion\AashanaFashion.csproj", "{7018F9C2-2011-4D4D-892B-86501DF58ADB}"
EndProject
Global
	GlobalSection(SolutionConfigurationPlatforms) = preSolution
		Debug|Any CPU = Debug|Any CPU
		Release|Any CPU = Release|Any CPU
	EndGlobalSection
	GlobalSection(ProjectConfigurationPlatforms) = postSolution
		{7018F9C2-2011-4D4D-892B-86501DF58ADB}.Debug|Any CPU.ActiveCfg = Debug|Any CPU
		{7018F9C2-2011-4D4D-892B-86501DF58ADB}.Debug|Any CPU.Build.0 = Debug|Any CPU
		{7018F9C2-2011-4D4D-892B-86501DF58ADB}.Release|Any CPU.ActiveCfg = Release|Any CPU
		{7018F9C2-2011-4D4D-892B-86501DF58ADB}.Release|Any CPU.Build.0 = Release|Any CPU
	EndGlobalSection
	GlobalSection(SolutionProperties) = preSolution
		HideSolutionNode = FALSE
	EndGlobalSection
	GlobalSection(ExtensibilityGlobals) = postSolution
		SolutionGuid = {A4890C14-5329-4CE1-A1A1-FCD5745D79B5}
	EndGlobalSection
EndGlobal
